// !$*UTF8*$!
{
	archiveVersion = 1;
	classes = {
	};
	objectVersion = 56;
	objects = {

/* Begin PBXBuildFile section */
		A81722262927101D0075737A /* Run_With_MeApp.swift in Sources */ = {isa = PBXBuildFile; fileRef = A81722252927101D0075737A /* Run_With_MeApp.swift */; };
		A81722282927101D0075737A /* ContentView.swift in Sources */ = {isa = PBXBuildFile; fileRef = A81722272927101D0075737A /* ContentView.swift */; };
		A817222A2927101F0075737A /* Assets.xcassets in Resources */ = {isa = PBXBuildFile; fileRef = A81722292927101F0075737A /* Assets.xcassets */; };
		A817222D2927101F0075737A /* Preview Assets.xcassets in Resources */ = {isa = PBXBuildFile; fileRef = A817222C2927101F0075737A /* Preview Assets.xcassets */; };
		A81722352927126F0075737A /* Themes.swift in Sources */ = {isa = PBXBuildFile; fileRef = A81722342927126F0075737A /* Themes.swift */; };
		A8172237292847770075737A /* CurrentRun.swift in Sources */ = {isa = PBXBuildFile; fileRef = A8172236292847770075737A /* CurrentRun.swift */; };
		A817223929284BBA0075737A /* CardView.swift in Sources */ = {isa = PBXBuildFile; fileRef = A817223829284BBA0075737A /* CardView.swift */; };
		A817223B292850520075737A /* TrailingLabelStyle.swift in Sources */ = {isa = PBXBuildFile; fileRef = A817223A292850520075737A /* TrailingLabelStyle.swift */; };
		A817223D292853300075737A /* RunView.swift in Sources */ = {isa = PBXBuildFile; fileRef = A817223C292853300075737A /* RunView.swift */; };
		A817223F2929D2AE0075737A /* DetailEditView.swift in Sources */ = {isa = PBXBuildFile; fileRef = A817223E2929D2AE0075737A /* DetailEditView.swift */; };
		A81722432929DBAB0075737A /* DetailView.swift in Sources */ = {isa = PBXBuildFile; fileRef = A81722422929DBAB0075737A /* DetailView.swift */; };
		A81722452929F98E0075737A /* ThemePicker.swift in Sources */ = {isa = PBXBuildFile; fileRef = A81722442929F98E0075737A /* ThemePicker.swift */; };
		A81722472929FAD10075737A /* ThemeView.swift in Sources */ = {isa = PBXBuildFile; fileRef = A81722462929FAD10075737A /* ThemeView.swift */; };
		A817224B292AEEAE0075737A /* RunHeader.swift in Sources */ = {isa = PBXBuildFile; fileRef = A817224A292AEEAE0075737A /* RunHeader.swift */; };
		A817224D292AF1650075737A /* RunTimer.swift in Sources */ = {isa = PBXBuildFile; fileRef = A817224C292AF1650075737A /* RunTimer.swift */; };
		A817224F292B1A040075737A /* History.swift in Sources */ = {isa = PBXBuildFile; fileRef = A817224E292B1A040075737A /* History.swift */; };
		A8172251292B26C70075737A /* DataStore.swift in Sources */ = {isa = PBXBuildFile; fileRef = A8172250292B26C70075737A /* DataStore.swift */; };
		A8CB160D292F180100B92F23 /* LaunchScreen.storyboard in Resources */ = {isa = PBXBuildFile; fileRef = A8CB160C292F180100B92F23 /* LaunchScreen.storyboard */; };
		A8F89DC6292C67C900D8ECF9 /* ErrorWrapper.swift in Sources */ = {isa = PBXBuildFile; fileRef = A8F89DC5292C67C900D8ECF9 /* ErrorWrapper.swift */; };
		A8F89DCC292C688A00D8ECF9 /* ErrorView.swift in Sources */ = {isa = PBXBuildFile; fileRef = A8F89DCB292C688A00D8ECF9 /* ErrorView.swift */; };
		A8F89DCE292C74C900D8ECF9 /* Location.swift in Sources */ = {isa = PBXBuildFile; fileRef = A8F89DCD292C74C900D8ECF9 /* Location.swift */; };
		A8F89DD0292C781300D8ECF9 /* LocationView.swift in Sources */ = {isa = PBXBuildFile; fileRef = A8F89DCF292C781300D8ECF9 /* LocationView.swift */; };
/* End PBXBuildFile section */

/* Begin PBXFileReference section */
		A81722222927101D0075737A /* Run With Me.app */ = {isa = PBXFileReference; explicitFileType = wrapper.application; includeInIndex = 0; path = "Run With Me.app"; sourceTree = BUILT_PRODUCTS_DIR; };
		A81722252927101D0075737A /* Run_With_MeApp.swift */ = {isa = PBXFileReference; lastKnownFileType = sourcecode.swift; path = Run_With_MeApp.swift; sourceTree = "<group>"; };
		A81722272927101D0075737A /* ContentView.swift */ = {isa = PBXFileReference; lastKnownFileType = sourcecode.swift; path = ContentView.swift; sourceTree = "<group>"; };
		A81722292927101F0075737A /* Assets.xcassets */ = {isa = PBXFileReference; lastKnownFileType = folder.assetcatalog; path = Assets.xcassets; sourceTree = "<group>"; };
		A817222C2927101F0075737A /* Preview Assets.xcassets */ = {isa = PBXFileReference; lastKnownFileType = folder.assetcatalog; path = "Preview Assets.xcassets"; sourceTree = "<group>"; };
		A81722342927126F0075737A /* Themes.swift */ = {isa = PBXFileReference; lastKnownFileType = sourcecode.swift; path = Themes.swift; sourceTree = "<group>"; };
		A8172236292847770075737A /* CurrentRun.swift */ = {isa = PBXFileReference; lastKnownFileType = sourcecode.swift; path = CurrentRun.swift; sourceTree = "<group>"; };
		A817223829284BBA0075737A /* CardView.swift */ = {isa = PBXFileReference; lastKnownFileType = sourcecode.swift; path = CardView.swift; sourceTree = "<group>"; };
		A817223A292850520075737A /* TrailingLabelStyle.swift */ = {isa = PBXFileReference; lastKnownFileType = sourcecode.swift; path = TrailingLabelStyle.swift; sourceTree = "<group>"; };
		A817223C292853300075737A /* RunView.swift */ = {isa = PBXFileReference; lastKnownFileType = sourcecode.swift; path = RunView.swift; sourceTree = "<group>"; };
		A817223E2929D2AE0075737A /* DetailEditView.swift */ = {isa = PBXFileReference; lastKnownFileType = sourcecode.swift; path = DetailEditView.swift; sourceTree = "<group>"; };
		A81722422929DBAB0075737A /* DetailView.swift */ = {isa = PBXFileReference; lastKnownFileType = sourcecode.swift; path = DetailView.swift; sourceTree = "<group>"; };
		A81722442929F98E0075737A /* ThemePicker.swift */ = {isa = PBXFileReference; lastKnownFileType = sourcecode.swift; path = ThemePicker.swift; sourceTree = "<group>"; };
		A81722462929FAD10075737A /* ThemeView.swift */ = {isa = PBXFileReference; lastKnownFileType = sourcecode.swift; path = ThemeView.swift; sourceTree = "<group>"; };
		A817224A292AEEAE0075737A /* RunHeader.swift */ = {isa = PBXFileReference; lastKnownFileType = sourcecode.swift; path = RunHeader.swift; sourceTree = "<group>"; };
		A817224C292AF1650075737A /* RunTimer.swift */ = {isa = PBXFileReference; lastKnownFileType = sourcecode.swift; path = RunTimer.swift; sourceTree = "<group>"; };
		A817224E292B1A040075737A /* History.swift */ = {isa = PBXFileReference; lastKnownFileType = sourcecode.swift; path = History.swift; sourceTree = "<group>"; };
		A8172250292B26C70075737A /* DataStore.swift */ = {isa = PBXFileReference; lastKnownFileType = sourcecode.swift; path = DataStore.swift; sourceTree = "<group>"; };
		A8CB160C292F180100B92F23 /* LaunchScreen.storyboard */ = {isa = PBXFileReference; lastKnownFileType = file.storyboard; path = LaunchScreen.storyboard; sourceTree = "<group>"; };
		A8F89DC5292C67C900D8ECF9 /* ErrorWrapper.swift */ = {isa = PBXFileReference; lastKnownFileType = sourcecode.swift; path = ErrorWrapper.swift; sourceTree = "<group>"; };
		A8F89DCB292C688A00D8ECF9 /* ErrorView.swift */ = {isa = PBXFileReference; lastKnownFileType = sourcecode.swift; path = ErrorView.swift; sourceTree = "<group>"; };
		A8F89DCD292C74C900D8ECF9 /* Location.swift */ = {isa = PBXFileReference; lastKnownFileType = sourcecode.swift; path = Location.swift; sourceTree = "<group>"; };
		A8F89DCF292C781300D8ECF9 /* LocationView.swift */ = {isa = PBXFileReference; lastKnownFileType = sourcecode.swift; path = LocationView.swift; sourceTree = "<group>"; };
/* End PBXFileReference section */

/* Begin PBXFrameworksBuildPhase section */
		A817221F2927101D0075737A /* Frameworks */ = {
			isa = PBXFrameworksBuildPhase;
			buildActionMask = 2147483647;
			files = (
			);
			runOnlyForDeploymentPostprocessing = 0;
		};
/* End PBXFrameworksBuildPhase section */

/* Begin PBXGroup section */
		A81722192927101D0075737A = {
			isa = PBXGroup;
			children = (
				A81722242927101D0075737A /* Run With Me */,
				A81722232927101D0075737A /* Products */,
			);
			sourceTree = "<group>";
		};
		A81722232927101D0075737A /* Products */ = {
			isa = PBXGroup;
			children = (
				A81722222927101D0075737A /* Run With Me.app */,
			);
			name = Products;
			sourceTree = "<group>";
		};
		A81722242927101D0075737A /* Run With Me */ = {
			isa = PBXGroup;
			children = (
				A8CB160C292F180100B92F23 /* LaunchScreen.storyboard */,
				A817223E2929D2AE0075737A /* DetailEditView.swift */,
				A817223C292853300075737A /* RunView.swift */,
				A817223A292850520075737A /* TrailingLabelStyle.swift */,
				A81722332927125E0075737A /* Models */,
				A81722252927101D0075737A /* Run_With_MeApp.swift */,
				A817223829284BBA0075737A /* CardView.swift */,
				A81722272927101D0075737A /* ContentView.swift */,
				A81722422929DBAB0075737A /* DetailView.swift */,
				A81722442929F98E0075737A /* ThemePicker.swift */,
				A81722292927101F0075737A /* Assets.xcassets */,
				A817222B2927101F0075737A /* Preview Content */,
				A81722462929FAD10075737A /* ThemeView.swift */,
				A817224A292AEEAE0075737A /* RunHeader.swift */,
				A8F89DCB292C688A00D8ECF9 /* ErrorView.swift */,
				A8F89DCF292C781300D8ECF9 /* LocationView.swift */,
			);
			path = "Run With Me";
			sourceTree = "<group>";
		};
		A817222B2927101F0075737A /* Preview Content */ = {
			isa = PBXGroup;
			children = (
				A817222C2927101F0075737A /* Preview Assets.xcassets */,
			);
			path = "Preview Content";
			sourceTree = "<group>";
		};
		A81722332927125E0075737A /* Models */ = {
			isa = PBXGroup;
			children = (
				A817224C292AF1650075737A /* RunTimer.swift */,
				A81722342927126F0075737A /* Themes.swift */,
				A8172236292847770075737A /* CurrentRun.swift */,
				A817224E292B1A040075737A /* History.swift */,
				A8172250292B26C70075737A /* DataStore.swift */,
				A8F89DC5292C67C900D8ECF9 /* ErrorWrapper.swift */,
				A8F89DCD292C74C900D8ECF9 /* Location.swift */,
			);
			path = Models;
			sourceTree = "<group>";
		};
/* End PBXGroup section */

/* Begin PBXNativeTarget section */
		A81722212927101D0075737A /* Run With Me */ = {
			isa = PBXNativeTarget;
			buildConfigurationList = A81722302927101F0075737A /* Build configuration list for PBXNativeTarget "Run With Me" */;
			buildPhases = (
				A817221E2927101D0075737A /* Sources */,
				A817221F2927101D0075737A /* Frameworks */,
				A81722202927101D0075737A /* Resources */,
			);
			buildRules = (
			);
			dependencies = (
			);
			name = "Run With Me";
			productName = "Run With Me";
			productReference = A81722222927101D0075737A /* Run With Me.app */;
			productType = "com.apple.product-type.application";
		};
/* End PBXNativeTarget section */

/* Begin PBXProject section */
		A817221A2927101D0075737A /* Project object */ = {
			isa = PBXProject;
			attributes = {
				BuildIndependentTargetsInParallel = 1;
				LastSwiftUpdateCheck = 1410;
				LastUpgradeCheck = 1410;
				TargetAttributes = {
					A81722212927101D0075737A = {
						CreatedOnToolsVersion = 14.1;
					};
				};
			};
			buildConfigurationList = A817221D2927101D0075737A /* Build configuration list for PBXProject "Run With Me" */;
			compatibilityVersion = "Xcode 14.0";
			developmentRegion = en;
			hasScannedForEncodings = 0;
			knownRegions = (
				en,
				Base,
			);
			mainGroup = A81722192927101D0075737A;
			productRefGroup = A81722232927101D0075737A /* Products */;
			projectDirPath = "";
			projectRoot = "";
			targets = (
				A81722212927101D0075737A /* Run With Me */,
			);
		};
/* End PBXProject section */

/* Begin PBXResourcesBuildPhase section */
		A81722202927101D0075737A /* Resources */ = {
			isa = PBXResourcesBuildPhase;
			buildActionMask = 2147483647;
			files = (
				A8CB160D292F180100B92F23 /* LaunchScreen.storyboard in Resources */,
				A817222D2927101F0075737A /* Preview Assets.xcassets in Resources */,
				A817222A2927101F0075737A /* Assets.xcassets in Resources */,
			);
			runOnlyForDeploymentPostprocessing = 0;
		};
/* End PBXResourcesBuildPhase section */

/* Begin PBXSourcesBuildPhase section */
		A817221E2927101D0075737A /* Sources */ = {
			isa = PBXSourcesBuildPhase;
			buildActionMask = 2147483647;
			files = (
				A817224B292AEEAE0075737A /* RunHeader.swift in Sources */,
				A817223B292850520075737A /* TrailingLabelStyle.swift in Sources */,
				A817224F292B1A040075737A /* History.swift in Sources */,
				A81722472929FAD10075737A /* ThemeView.swift in Sources */,
				A8F89DCE292C74C900D8ECF9 /* Location.swift in Sources */,
				A8F89DCC292C688A00D8ECF9 /* ErrorView.swift in Sources */,
				A81722432929DBAB0075737A /* DetailView.swift in Sources */,
				A817224D292AF1650075737A /* RunTimer.swift in Sources */,
				A81722282927101D0075737A /* ContentView.swift in Sources */,
				A81722452929F98E0075737A /* ThemePicker.swift in Sources */,
				A8F89DC6292C67C900D8ECF9 /* ErrorWrapper.swift in Sources */,
				A81722352927126F0075737A /* Themes.swift in Sources */,
				A817223F2929D2AE0075737A /* DetailEditView.swift in Sources */,
				A81722262927101D0075737A /* Run_With_MeApp.swift in Sources */,
				A8172237292847770075737A /* CurrentRun.swift in Sources */,
				A817223D292853300075737A /* RunView.swift in Sources */,
				A8172251292B26C70075737A /* DataStore.swift in Sources */,
				A8F89DD0292C781300D8ECF9 /* LocationView.swift in Sources */,
				A817223929284BBA0075737A /* CardView.swift in Sources */,
			);
			runOnlyForDeploymentPostprocessing = 0;
		};
/* End PBXSourcesBuildPhase section */

/* Begin XCBuildConfiguration section */
		A817222E2927101F0075737A /* Debug */ = {
			isa = XCBuildConfiguration;
			buildSettings = {
				ALWAYS_SEARCH_USER_PATHS = NO;
				CLANG_ANALYZER_NONNULL = YES;
				CLANG_ANALYZER_NUMBER_OBJECT_CONVERSION = YES_AGGRESSIVE;
				CLANG_CXX_LANGUAGE_STANDARD = "gnu++20";
				CLANG_ENABLE_MODULES = YES;
				CLANG_ENABLE_OBJC_ARC = YES;
				CLANG_ENABLE_OBJC_WEAK = YES;
				CLANG_WARN_BLOCK_CAPTURE_AUTORELEASING = YES;
				CLANG_WARN_BOOL_CONVERSION = YES;
				CLANG_WARN_COMMA = YES;
				CLANG_WARN_CONSTANT_CONVERSION = YES;
				CLANG_WARN_DEPRECATED_OBJC_IMPLEMENTATIONS = YES;
				CLANG_WARN_DIRECT_OBJC_ISA_USAGE = YES_ERROR;
				CLANG_WARN_DOCUMENTATION_COMMENTS = YES;
				CLANG_WARN_EMPTY_BODY = YES;
				CLANG_WARN_ENUM_CONVERSION = YES;
				CLANG_WARN_INFINITE_RECURSION = YES;
				CLANG_WARN_INT_CONVERSION = YES;
				CLANG_WARN_NON_LITERAL_NULL_CONVERSION = YES;
				CLANG_WARN_OBJC_IMPLICIT_RETAIN_SELF = YES;
				CLANG_WARN_OBJC_LITERAL_CONVERSION = YES;
				CLANG_WARN_OBJC_ROOT_CLASS = YES_ERROR;
				CLANG_WARN_QUOTED_INCLUDE_IN_FRAMEWORK_HEADER = YES;
				CLANG_WARN_RANGE_LOOP_ANALYSIS = YES;
				CLANG_WARN_STRICT_PROTOTYPES = YES;
				CLANG_WARN_SUSPICIOUS_MOVE = YES;
				CLANG_WARN_UNGUARDED_AVAILABILITY = YES_AGGRESSIVE;
				CLANG_WARN_UNREACHABLE_CODE = YES;
				CLANG_WARN__DUPLICATE_METHOD_MATCH = YES;
				COPY_PHASE_STRIP = NO;
				DEBUG_INFORMATION_FORMAT = dwarf;
				ENABLE_STRICT_OBJC_MSGSEND = YES;
				ENABLE_TESTABILITY = YES;
				GCC_C_LANGUAGE_STANDARD = gnu11;
				GCC_DYNAMIC_NO_PIC = NO;
				GCC_NO_COMMON_BLOCKS = YES;
				GCC_OPTIMIZATION_LEVEL = 0;
				GCC_PREPROCESSOR_DEFINITIONS = (
					"DEBUG=1",
					"$(inherited)",
				);
				GCC_WARN_64_TO_32_BIT_CONVERSION = YES;
				GCC_WARN_ABOUT_RETURN_TYPE = YES_ERROR;
				GCC_WARN_UNDECLARED_SELECTOR = YES;
				GCC_WARN_UNINITIALIZED_AUTOS = YES_AGGRESSIVE;
				GCC_WARN_UNUSED_FUNCTION = YES;
				GCC_WARN_UNUSED_VARIABLE = YES;
				IPHONEOS_DEPLOYMENT_TARGET = 16.1;
				MTL_ENABLE_DEBUG_INFO = INCLUDE_SOURCE;
				MTL_FAST_MATH = YES;
				ONLY_ACTIVE_ARCH = YES;
				SDKROOT = iphoneos;
				SWIFT_ACTIVE_COMPILATION_CONDITIONS = DEBUG;
				SWIFT_OPTIMIZATION_LEVEL = "-Onone";
			};
			name = Debug;
		};
		A817222F2927101F0075737A /* Release */ = {
			isa = XCBuildConfiguration;
			buildSettings = {
				ALWAYS_SEARCH_USER_PATHS = NO;
				CLANG_ANALYZER_NONNULL = YES;
				CLANG_ANALYZER_NUMBER_OBJECT_CONVERSION = YES_AGGRESSIVE;
				CLANG_CXX_LANGUAGE_STANDARD = "gnu++20";
				CLANG_ENABLE_MODULES = YES;
				CLANG_ENABLE_OBJC_ARC = YES;
				CLANG_ENABLE_OBJC_WEAK = YES;
				CLANG_WARN_BLOCK_CAPTURE_AUTORELEASING = YES;
				CLANG_WARN_BOOL_CONVERSION = YES;
				CLANG_WARN_COMMA = YES;
				CLANG_WARN_CONSTANT_CONVERSION = YES;
				CLANG_WARN_DEPRECATED_OBJC_IMPLEMENTATIONS = YES;
				CLANG_WARN_DIRECT_OBJC_ISA_USAGE = YES_ERROR;
				CLANG_WARN_DOCUMENTATION_COMMENTS = YES;
				CLANG_WARN_EMPTY_BODY = YES;
				CLANG_WARN_ENUM_CONVERSION = YES;
				CLANG_WARN_INFINITE_RECURSION = YES;
				CLANG_WARN_INT_CONVERSION = YES;
				CLANG_WARN_NON_LITERAL_NULL_CONVERSION = YES;
				CLANG_WARN_OBJC_IMPLICIT_RETAIN_SELF = YES;
				CLANG_WARN_OBJC_LITERAL_CONVERSION = YES;
				CLANG_WARN_OBJC_ROOT_CLASS = YES_ERROR;
				CLANG_WARN_QUOTED_INCLUDE_IN_FRAMEWORK_HEADER = YES;
				CLANG_WARN_RANGE_LOOP_ANALYSIS = YES;
				CLANG_WARN_STRICT_PROTOTYPES = YES;
				CLANG_WARN_SUSPICIOUS_MOVE = YES;
				CLANG_WARN_UNGUARDED_AVAILABILITY = YES_AGGRESSIVE;
				CLANG_WARN_UNREACHABLE_CODE = YES;
				CLANG_WARN__DUPLICATE_METHOD_MATCH = YES;
				COPY_PHASE_STRIP = NO;
				DEBUG_INFORMATION_FORMAT = "dwarf-with-dsym";
				ENABLE_NS_ASSERTIONS = NO;
				ENABLE_STRICT_OBJC_MSGSEND = YES;
				GCC_C_LANGUAGE_STANDARD = gnu11;
				GCC_NO_COMMON_BLOCKS = YES;
				GCC_WARN_64_TO_32_BIT_CONVERSION = YES;
				GCC_WARN_ABOUT_RETURN_TYPE = YES_ERROR;
				GCC_WARN_UNDECLARED_SELECTOR = YES;
				GCC_WARN_UNINITIALIZED_AUTOS = YES_AGGRESSIVE;
				GCC_WARN_UNUSED_FUNCTION = YES;
				GCC_WARN_UNUSED_VARIABLE = YES;
				IPHONEOS_DEPLOYMENT_TARGET = 16.1;
				MTL_ENABLE_DEBUG_INFO = NO;
				MTL_FAST_MATH = YES;
				SDKROOT = iphoneos;
				SWIFT_COMPILATION_MODE = wholemodule;
				SWIFT_OPTIMIZATION_LEVEL = "-O";
				VALIDATE_PRODUCT = YES;
			};
			name = Release;
		};
		A81722312927101F0075737A /* Debug */ = {
			isa = XCBuildConfiguration;
			buildSettings = {
				ASSETCATALOG_COMPILER_APPICON_NAME = AppIcon;
				ASSETCATALOG_COMPILER_GLOBAL_ACCENT_COLOR_NAME = AccentColor;
				CODE_SIGN_STYLE = Automatic;
				CURRENT_PROJECT_VERSION = 1;
				DEVELOPMENT_ASSET_PATHS = "\"Run With Me/Preview Content\"";
				DEVELOPMENT_TEAM = 7PNW49BSY2;
				ENABLE_PREVIEWS = YES;
				GENERATE_INFOPLIST_FILE = YES;
				INFOPLIST_FILE = "Run-With-Me-Info.plist";
				INFOPLIST_KEY_NSLocationAlwaysAndWhenInUseUsageDescription = "We want to help locate you";
				INFOPLIST_KEY_NSLocationWhenInUseUsageDescription = "We're currently using your location";
				INFOPLIST_KEY_UIApplicationSceneManifest_Generation = YES;
				INFOPLIST_KEY_UIApplicationSupportsIndirectInputEvents = YES;
				INFOPLIST_KEY_UILaunchScreen_Generation = YES;
				INFOPLIST_KEY_UILaunchStoryboardName = LaunchScreen.storyboard;
				INFOPLIST_KEY_UISupportedInterfaceOrientations_iPad = "UIInterfaceOrientationPortrait UIInterfaceOrientationPortraitUpsideDown UIInterfaceOrientationLandscapeLeft UIInterfaceOrientationLandscapeRight";
				INFOPLIST_KEY_UISupportedInterfaceOrientations_iPhone = "UIInterfaceOrientationPortrait UIInterfaceOrientationLandscapeLeft UIInterfaceOrientationLandscapeRight";
				IPHONEOS_DEPLOYMENT_TARGET = 15.0;
				LD_RUNPATH_SEARCH_PATHS = (
					"$(inherited)",
					"@executable_path/Frameworks",
				);
				MARKETING_VERSION = 1.0;
				PRODUCT_BUNDLE_IDENTIFIER = "com.allenjue.Run-With-Me";
				PRODUCT_NAME = "$(TARGET_NAME)";
				SWIFT_EMIT_LOC_STRINGS = YES;
				SWIFT_VERSION = 5.0;
				TARGETED_DEVICE_FAMILY = "1,2";
			};
			name = Debug;
		};
		A81722322927101F0075737A /* Release */ = {
			isa = XCBuildConfiguration;
			buildSettings = {
				ASSETCATALOG_COMPILER_APPICON_NAME = AppIcon;
				ASSETCATALOG_COMPILER_GLOBAL_ACCENT_COLOR_NAME = AccentColor;
				CODE_SIGN_STYLE = Automatic;
				CURRENT_PROJECT_VERSION = 1;
				DEVELOPMENT_ASSET_PATHS = "\"Run With Me/Preview Content\"";
				DEVELOPMENT_TEAM = 7PNW49BSY2;
				ENABLE_PREVIEWS = YES;
				GENERATE_INFOPLIST_FILE = YES;
				INFOPLIST_FILE = "Run-With-Me-Info.plist";
				INFOPLIST_KEY_NSLocationAlwaysAndWhenInUseUsageDescription = "We want to help locate you";
				INFOPLIST_KEY_NSLocationWhenInUseUsageDescription = "We're currently using your location";
				INFOPLIST_KEY_UIApplicationSceneManifest_Generation = YES;
				INFOPLIST_KEY_UIApplicationSupportsIndirectInputEvents = YES;
				INFOPLIST_KEY_UILaunchScreen_Generation = YES;
				INFOPLIST_KEY_UILaunchStoryboardName = LaunchScreen.storyboard;
				INFOPLIST_KEY_UISupportedInterfaceOrientations_iPad = "UIInterfaceOrientationPortrait UIInterfaceOrientationPortraitUpsideDown UIInterfaceOrientationLandscapeLeft UIInterfaceOrientationLandscapeRight";
				INFOPLIST_KEY_UISupportedInterfaceOrientations_iPhone = "UIInterfaceOrientationPortrait UIInterfaceOrientationLandscapeLeft UIInterfaceOrientationLandscapeRight";
				IPHONEOS_DEPLOYMENT_TARGET = 15.0;
				LD_RUNPATH_SEARCH_PATHS = (
					"$(inherited)",
					"@executable_path/Frameworks",
				);
				MARKETING_VERSION = 1.0;
				PRODUCT_BUNDLE_IDENTIFIER = "com.allenjue.Run-With-Me";
				PRODUCT_NAME = "$(TARGET_NAME)";
				SWIFT_EMIT_LOC_STRINGS = YES;
				SWIFT_VERSION = 5.0;
				TARGETED_DEVICE_FAMILY = "1,2";
			};
			name = Release;
		};
/* End XCBuildConfiguration section */

/* Begin XCConfigurationList section */
		A817221D2927101D0075737A /* Build configuration list for PBXProject "Run With Me" */ = {
			isa = XCConfigurationList;
			buildConfigurations = (
				A817222E2927101F0075737A /* Debug */,
				A817222F2927101F0075737A /* Release */,
			);
			defaultConfigurationIsVisible = 0;
			defaultConfigurationName = Release;
		};
		A81722302927101F0075737A /* Build configuration list for PBXNativeTarget "Run With Me" */ = {
			isa = XCConfigurationList;
			buildConfigurations = (
				A81722312927101F0075737A /* Debug */,
				A81722322927101F0075737A /* Release */,
			);
			defaultConfigurationIsVisible = 0;
			defaultConfigurationName = Release;
		};
/* End XCConfigurationList section */
	};
	rootObject = A817221A2927101D0075737A /* Project object */;
}
